{
  "name": "devweek-hackathon",
  "version": "1.0.0",
  "lockfileVersion": 1,
  "requires": true,
  "dependencies": {
    "typingdnaclient": {
      "version": "1.1.1",
      "resolved": "https://registry.npmjs.org/typingdnaclient/-/typingdnaclient-1.1.1.tgz",
      "integrity": "sha512-FfVPzr4y8/ZXLy9CHfFWX5W2oZwVOQhJ0FZMcJsv9P/rxwg2PARbb9qXv31jm1yNal5J9OxC0z9XCpPHjnyZTw=="
    }
  }
}
